
Microsoft Visual Studio Solution File, Format Version 12.00
# Visual Studio 15
VisualStudioVersion = 15.0.27130.2003
MinimumVisualStudioVersion = 10.0.40219.1
Project("{FAE04EC0-301F-11D3-BF4B-00C04F79EFBC}") = "AliPush.Binding.Droid", "AliPush.Binding.Droid\AliPush.Binding.Droid.csproj", "{986C5747-A30D-4A70-8E3B-8B2327B6E347}"
EndProject
Project("{FAE04EC0-301F-11D3-BF4B-00C04F79EFBC}") = "AliPush.Binding.iOS", "AliPush.Binding.iOS\AliPush.Binding.iOS.csproj", "{7E950621-C256-4E93-A978-D3D84340336B}"
EndProject
Project("{FAE04EC0-301F-11D3-BF4B-00C04F79EFBC}") = "AppTest.Android", "AppTest\AppTest.Android\AppTest.Android.csproj", "{07213945-46C3-4963-BA2C-D7653345274C}"
EndProject
Project("{FAE04EC0-301F-11D3-BF4B-00C04F79EFBC}") = "AppTest.iOS", "AppTest\AppTest.iOS\AppTest.iOS.csproj", "{5A325550-6903-4DD3-979E-0F076251DDA9}"
EndProject
Project("{FAE04EC0-301F-11D3-BF4B-00C04F79EFBC}") = "AppTest", "AppTest\AppTest\AppTest.csproj", "{C6010ED3-67B5-4885-856D-7900CCCE4B1F}"
EndProject
Global
	GlobalSection(SolutionConfigurationPlatforms) = preSolution
		Ad-Hoc|Any CPU = Ad-Hoc|Any CPU
		Ad-Hoc|iPhone = Ad-Hoc|iPhone
		Ad-Hoc|iPhoneSimulator = Ad-Hoc|iPhoneSimulator
		AppStore|Any CPU = AppStore|Any CPU
		AppStore|iPhone = AppStore|iPhone
		AppStore|iPhoneSimulator = AppStore|iPhoneSimulator
		Debug|Any CPU = Debug|Any CPU
		Debug|iPhone = Debug|iPhone
		Debug|iPhoneSimulator = Debug|iPhoneSimulator
		Release|Any CPU = Release|Any CPU
		Release|iPhone = Release|iPhone
		Release|iPhoneSimulator = Release|iPhoneSimulator
	EndGlobalSection
	GlobalSection(ProjectConfigurationPlatforms) = postSolution
		{986C5747-A30D-4A70-8E3B-8B2327B6E347}.Ad-Hoc|Any CPU.ActiveCfg = Release|Any CPU
		{986C5747-A30D-4A70-8E3B-8B2327B6E347}.Ad-Hoc|Any CPU.Build.0 = Release|Any CPU
		{986C5747-A30D-4A70-8E3B-8B2327B6E347}.Ad-Hoc|iPhone.ActiveCfg = Release|Any CPU
		{986C5747-A30D-4A70-8E3B-8B2327B6E347}.Ad-Hoc|iPhone.Build.0 = Release|Any CPU
		{986C5747-A30D-4A70-8E3B-8B2327B6E347}.Ad-Hoc|iPhoneSimulator.ActiveCfg = Release|Any CPU
		{986C5747-A30D-4A70-8E3B-8B2327B6E347}.Ad-Hoc|iPhoneSimulator.Build.0 = Release|Any CPU
		{986C5747-A30D-4A70-8E3B-8B2327B6E347}.AppStore|Any CPU.ActiveCfg = Release|Any CPU
		{986C5747-A30D-4A70-8E3B-8B2327B6E347}.AppStore|Any CPU.Build.0 = Release|Any CPU
		{986C5747-A30D-4A70-8E3B-8B2327B6E347}.AppStore|iPhone.ActiveCfg = Release|Any CPU
		{986C5747-A30D-4A70-8E3B-8B2327B6E347}.AppStore|iPhone.Build.0 = Release|Any CPU
		{986C5747-A30D-4A70-8E3B-8B2327B6E347}.AppStore|iPhoneSimulator.ActiveCfg = Release|Any CPU
		{986C5747-A30D-4A70-8E3B-8B2327B6E347}.AppStore|iPhoneSimulator.Build.0 = Release|Any CPU
		{986C5747-A30D-4A70-8E3B-8B2327B6E347}.Debug|Any CPU.ActiveCfg = Debug|Any CPU
		{986C5747-A30D-4A70-8E3B-8B2327B6E347}.Debug|Any CPU.Build.0 = Debug|Any CPU
		{986C5747-A30D-4A70-8E3B-8B2327B6E347}.Debug|iPhone.ActiveCfg = Debug|Any CPU
		{986C5747-A30D-4A70-8E3B-8B2327B6E347}.Debug|iPhone.Build.0 = Debug|Any CPU
		{986C5747-A30D-4A70-8E3B-8B2327B6E347}.Debug|iPhoneSimulator.ActiveCfg = Debug|Any CPU
		{986C5747-A30D-4A70-8E3B-8B2327B6E347}.Debug|iPhoneSimulator.Build.0 = Debug|Any CPU
		{986C5747-A30D-4A70-8E3B-8B2327B6E347}.Release|Any CPU.ActiveCfg = Release|Any CPU
		{986C5747-A30D-4A70-8E3B-8B2327B6E347}.Release|Any CPU.Build.0 = Release|Any CPU
		{986C5747-A30D-4A70-8E3B-8B2327B6E347}.Release|iPhone.ActiveCfg = Release|Any CPU
		{986C5747-A30D-4A70-8E3B-8B2327B6E347}.Release|iPhone.Build.0 = Release|Any CPU
		{986C5747-A30D-4A70-8E3B-8B2327B6E347}.Release|iPhoneSimulator.ActiveCfg = Release|Any CPU
		{986C5747-A30D-4A70-8E3B-8B2327B6E347}.Release|iPhoneSimulator.Build.0 = Release|Any CPU
		{7E950621-C256-4E93-A978-D3D84340336B}.Ad-Hoc|Any CPU.ActiveCfg = Release|Any CPU
		{7E950621-C256-4E93-A978-D3D84340336B}.Ad-Hoc|Any CPU.Build.0 = Release|Any CPU
		{7E950621-C256-4E93-A978-D3D84340336B}.Ad-Hoc|iPhone.ActiveCfg = Release|Any CPU
		{7E950621-C256-4E93-A978-D3D84340336B}.Ad-Hoc|iPhone.Build.0 = Release|Any CPU
		{7E950621-C256-4E93-A978-D3D84340336B}.Ad-Hoc|iPhoneSimulator.ActiveCfg = Release|Any CPU
		{7E950621-C256-4E93-A978-D3D84340336B}.Ad-Hoc|iPhoneSimulator.Build.0 = Release|Any CPU
		{7E950621-C256-4E93-A978-D3D84340336B}.AppStore|Any CPU.ActiveCfg = Release|Any CPU
		{7E950621-C256-4E93-A978-D3D84340336B}.AppStore|Any CPU.Build.0 = Release|Any CPU
		{7E950621-C256-4E93-A978-D3D84340336B}.AppStore|iPhone.ActiveCfg = Release|Any CPU
		{7E950621-C256-4E93-A978-D3D84340336B}.AppStore|iPhone.Build.0 = Release|Any CPU
		{7E950621-C256-4E93-A978-D3D84340336B}.AppStore|iPhoneSimulator.ActiveCfg = Release|Any CPU
		{7E950621-C256-4E93-A978-D3D84340336B}.AppStore|iPhoneSimulator.Build.0 = Release|Any CPU
		{7E950621-C256-4E93-A978-D3D84340336B}.Debug|Any CPU.ActiveCfg = Debug|Any CPU
		{7E950621-C256-4E93-A978-D3D84340336B}.Debug|Any CPU.Build.0 = Debug|Any CPU
		{7E950621-C256-4E93-A978-D3D84340336B}.Debug|iPhone.ActiveCfg = Debug|Any CPU
		{7E950621-C256-4E93-A978-D3D84340336B}.Debug|iPhone.Build.0 = Debug|Any CPU
		{7E950621-C256-4E93-A978-D3D84340336B}.Debug|iPhoneSimulator.ActiveCfg = Debug|Any CPU
		{7E950621-C256-4E93-A978-D3D84340336B}.Debug|iPhoneSimulator.Build.0 = Debug|Any CPU
		{7E950621-C256-4E93-A978-D3D84340336B}.Release|Any CPU.ActiveCfg = Release|Any CPU
		{7E950621-C256-4E93-A978-D3D84340336B}.Release|Any CPU.Build.0 = Release|Any CPU
		{7E950621-C256-4E93-A978-D3D84340336B}.Release|iPhone.ActiveCfg = Release|Any CPU
		{7E950621-C256-4E93-A978-D3D84340336B}.Release|iPhone.Build.0 = Release|Any CPU
		{7E950621-C256-4E93-A978-D3D84340336B}.Release|iPhoneSimulator.ActiveCfg = Release|Any CPU
		{7E950621-C256-4E93-A978-D3D84340336B}.Release|iPhoneSimulator.Build.0 = Release|Any CPU
		{07213945-46C3-4963-BA2C-D7653345274C}.Ad-Hoc|Any CPU.ActiveCfg = Release|Any CPU
		{07213945-46C3-4963-BA2C-D7653345274C}.Ad-Hoc|Any CPU.Build.0 = Release|Any CPU
		{07213945-46C3-4963-BA2C-D7653345274C}.Ad-Hoc|Any CPU.Deploy.0 = Release|Any CPU
		{07213945-46C3-4963-BA2C-D7653345274C}.Ad-Hoc|iPhone.ActiveCfg = Release|Any CPU
		{07213945-46C3-4963-BA2C-D7653345274C}.Ad-Hoc|iPhone.Build.0 = Release|Any CPU
		{07213945-46C3-4963-BA2C-D7653345274C}.Ad-Hoc|iPhone.Deploy.0 = Release|Any CPU
		{07213945-46C3-4963-BA2C-D7653345274C}.Ad-Hoc|iPhoneSimulator.ActiveCfg = Release|Any CPU
		{07213945-46C3-4963-BA2C-D7653345274C}.Ad-Hoc|iPhoneSimulator.Build.0 = Release|Any CPU
		{07213945-46C3-4963-BA2C-D7653345274C}.Ad-Hoc|iPhoneSimulator.Deploy.0 = Release|Any CPU
		{07213945-46C3-4963-BA2C-D7653345274C}.AppStore|Any CPU.ActiveCfg = Release|Any CPU
		{07213945-46C3-4963-BA2C-D7653345274C}.AppStore|Any CPU.Build.0 = Release|Any CPU
		{07213945-46C3-4963-BA2C-D7653345274C}.AppStore|Any CPU.Deploy.0 = Release|Any CPU
		{07213945-46C3-4963-BA2C-D7653345274C}.AppStore|iPhone.ActiveCfg = Release|Any CPU
		{07213945-46C3-4963-BA2C-D7653345274C}.AppStore|iPhone.Build.0 = Release|Any CPU
		{07213945-46C3-4963-BA2C-D7653345274C}.AppStore|iPhone.Deploy.0 = Release|Any CPU
		{07213945-46C3-4963-BA2C-D7653345274C}.AppStore|iPhoneSimulator.ActiveCfg = Release|Any CPU
		{07213945-46C3-4963-BA2C-D7653345274C}.AppStore|iPhoneSimulator.Build.0 = Release|Any CPU
		{07213945-46C3-4963-BA2C-D7653345274C}.AppStore|iPhoneSimulator.Deploy.0 = Release|Any CPU
		{07213945-46C3-4963-BA2C-D7653345274C}.Debug|Any CPU.ActiveCfg = Debug|Any CPU
		{07213945-46C3-4963-BA2C-D7653345274C}.Debug|Any CPU.Build.0 = Debug|Any CPU
		{07213945-46C3-4963-BA2C-D7653345274C}.Debug|Any CPU.Deploy.0 = Debug|Any CPU
		{07213945-46C3-4963-BA2C-D7653345274C}.Debug|iPhone.ActiveCfg = Debug|Any CPU
		{07213945-46C3-4963-BA2C-D7653345274C}.Debug|iPhone.Build.0 = Debug|Any CPU
		{07213945-46C3-4963-BA2C-D7653345274C}.Debug|iPhone.Deploy.0 = Debug|Any CPU
		{07213945-46C3-4963-BA2C-D7653345274C}.Debug|iPhoneSimulator.ActiveCfg = Debug|Any CPU
		{07213945-46C3-4963-BA2C-D7653345274C}.Debug|iPhoneSimulator.Build.0 = Debug|Any CPU
		{07213945-46C3-4963-BA2C-D7653345274C}.Debug|iPhoneSimulator.Deploy.0 = Debug|Any CPU
		{07213945-46C3-4963-BA2C-D7653345274C}.Release|Any CPU.ActiveCfg = Release|Any CPU
		{07213945-46C3-4963-BA2C-D7653345274C}.Release|Any CPU.Build.0 = Release|Any CPU
		{07213945-46C3-4963-BA2C-D7653345274C}.Release|Any CPU.Deploy.0 = Release|Any CPU
		{07213945-46C3-4963-BA2C-D7653345274C}.Release|iPhone.ActiveCfg = Release|Any CPU
		{07213945-46C3-4963-BA2C-D7653345274C}.Release|iPhone.Build.0 = Release|Any CPU
		{07213945-46C3-4963-BA2C-D7653345274C}.Release|iPhone.Deploy.0 = Release|Any CPU
		{07213945-46C3-4963-BA2C-D7653345274C}.Release|iPhoneSimulator.ActiveCfg = Release|Any CPU
		{07213945-46C3-4963-BA2C-D7653345274C}.Release|iPhoneSimulator.Build.0 = Release|Any CPU
		{07213945-46C3-4963-BA2C-D7653345274C}.Release|iPhoneSimulator.Deploy.0 = Release|Any CPU
		{5A325550-6903-4DD3-979E-0F076251DDA9}.Ad-Hoc|Any CPU.ActiveCfg = Ad-Hoc|iPhone
		{5A325550-6903-4DD3-979E-0F076251DDA9}.Ad-Hoc|iPhone.ActiveCfg = Ad-Hoc|iPhone
		{5A325550-6903-4DD3-979E-0F076251DDA9}.Ad-Hoc|iPhone.Build.0 = Ad-Hoc|iPhone
		{5A325550-6903-4DD3-979E-0F076251DDA9}.Ad-Hoc|iPhoneSimulator.ActiveCfg = Ad-Hoc|iPhoneSimulator
		{5A325550-6903-4DD3-979E-0F076251DDA9}.Ad-Hoc|iPhoneSimulator.Build.0 = Ad-Hoc|iPhoneSimulator
		{5A325550-6903-4DD3-979E-0F076251DDA9}.AppStore|Any CPU.ActiveCfg = AppStore|iPhone
		{5A325550-6903-4DD3-979E-0F076251DDA9}.AppStore|iPhone.ActiveCfg = AppStore|iPhone
		{5A325550-6903-4DD3-979E-0F076251DDA9}.AppStore|iPhone.Build.0 = AppStore|iPhone
		{5A325550-6903-4DD3-979E-0F076251DDA9}.AppStore|iPhoneSimulator.ActiveCfg = AppStore|iPhoneSimulator
		{5A325550-6903-4DD3-979E-0F076251DDA9}.AppStore|iPhoneSimulator.Build.0 = AppStore|iPhoneSimulator
		{5A325550-6903-4DD3-979E-0F076251DDA9}.Debug|Any CPU.ActiveCfg = Debug|iPhone
		{5A325550-6903-4DD3-979E-0F076251DDA9}.Debug|iPhone.ActiveCfg = Debug|iPhone
		{5A325550-6903-4DD3-979E-0F076251DDA9}.Debug|iPhone.Build.0 = Debug|iPhone
		{5A325550-6903-4DD3-979E-0F076251DDA9}.Debug|iPhoneSimulator.ActiveCfg = Debug|iPhoneSimulator
		{5A325550-6903-4DD3-979E-0F076251DDA9}.Debug|iPhoneSimulator.Build.0 = Debug|iPhoneSimulator
		{5A325550-6903-4DD3-979E-0F076251DDA9}.Release|Any CPU.ActiveCfg = Release|iPhone
		{5A325550-6903-4DD3-979E-0F076251DDA9}.Release|iPhone.ActiveCfg = Release|iPhone
		{5A325550-6903-4DD3-979E-0F076251DDA9}.Release|iPhone.Build.0 = Release|iPhone
		{5A325550-6903-4DD3-979E-0F076251DDA9}.Release|iPhoneSimulator.ActiveCfg = Release|iPhoneSimulator
		{5A325550-6903-4DD3-979E-0F076251DDA9}.Release|iPhoneSimulator.Build.0 = Release|iPhoneSimulator
		{C6010ED3-67B5-4885-856D-7900CCCE4B1F}.Ad-Hoc|Any CPU.ActiveCfg = Debug|Any CPU
		{C6010ED3-67B5-4885-856D-7900CCCE4B1F}.Ad-Hoc|Any CPU.Build.0 = Debug|Any CPU
		{C6010ED3-67B5-4885-856D-7900CCCE4B1F}.Ad-Hoc|iPhone.ActiveCfg = Debug|Any CPU
		{C6010ED3-67B5-4885-856D-7900CCCE4B1F}.Ad-Hoc|iPhone.Build.0 = Debug|Any CPU
		{C6010ED3-67B5-4885-856D-7900CCCE4B1F}.Ad-Hoc|iPhoneSimulator.ActiveCfg = Debug|Any CPU
		{C6010ED3-67B5-4885-856D-7900CCCE4B1F}.Ad-Hoc|iPhoneSimulator.Build.0 = Debug|Any CPU
		{C6010ED3-67B5-4885-856D-7900CCCE4B1F}.AppStore|Any CPU.ActiveCfg = Debug|Any CPU
		{C6010ED3-67B5-4885-856D-7900CCCE4B1F}.AppStore|Any CPU.Build.0 = Debug|Any CPU
		{C6010ED3-67B5-4885-856D-7900CCCE4B1F}.AppStore|iPhone.ActiveCfg = Debug|Any CPU
		{C6010ED3-67B5-4885-856D-7900CCCE4B1F}.AppStore|iPhone.Build.0 = Debug|Any CPU
		{C6010ED3-67B5-4885-856D-7900CCCE4B1F}.AppStore|iPhoneSimulator.ActiveCfg = Debug|Any CPU
		{C6010ED3-67B5-4885-856D-7900CCCE4B1F}.AppStore|iPhoneSimulator.Build.0 = Debug|Any CPU
		{C6010ED3-67B5-4885-856D-7900CCCE4B1F}.Debug|Any CPU.ActiveCfg = Debug|Any CPU
		{C6010ED3-67B5-4885-856D-7900CCCE4B1F}.Debug|Any CPU.Build.0 = Debug|Any CPU
		{C6010ED3-67B5-4885-856D-7900CCCE4B1F}.Debug|iPhone.ActiveCfg = Debug|Any CPU
		{C6010ED3-67B5-4885-856D-7900CCCE4B1F}.Debug|iPhone.Build.0 = Debug|Any CPU
		{C6010ED3-67B5-4885-856D-7900CCCE4B1F}.Debug|iPhoneSimulator.ActiveCfg = Debug|Any CPU
		{C6010ED3-67B5-4885-856D-7900CCCE4B1F}.Debug|iPhoneSimulator.Build.0 = Debug|Any CPU
		{C6010ED3-67B5-4885-856D-7900CCCE4B1F}.Release|Any CPU.ActiveCfg = Release|Any CPU
		{C6010ED3-67B5-4885-856D-7900CCCE4B1F}.Release|Any CPU.Build.0 = Release|Any CPU
		{C6010ED3-67B5-4885-856D-7900CCCE4B1F}.Release|iPhone.ActiveCfg = Release|Any CPU
		{C6010ED3-67B5-4885-856D-7900CCCE4B1F}.Release|iPhone.Build.0 = Release|Any CPU
		{C6010ED3-67B5-4885-856D-7900CCCE4B1F}.Release|iPhoneSimulator.ActiveCfg = Release|Any CPU
		{C6010ED3-67B5-4885-856D-7900CCCE4B1F}.Release|iPhoneSimulator.Build.0 = Release|Any CPU
	EndGlobalSection
	GlobalSection(SolutionProperties) = preSolution
		HideSolutionNode = FALSE
	EndGlobalSection
	GlobalSection(ExtensibilityGlobals) = postSolution
		SolutionGuid = {88B2A2C3-9321-4BE4-BECD-8EFF7E5110BA}
	EndGlobalSection
EndGlobal
